
Microsoft Visual Studio Solution File, Format Version 12.00
# Visual Studio Version 17
VisualStudioVersion = 17.5.33530.505
MinimumVisualStudioVersion = 10.0.40219.1
Project("{FAE04EC0-301F-11D3-BF4B-00C04F79EFBC}") = "DependencyInjectionTest.API", "DependencyInjectionTest\DependencyInjectionTest.API.csproj", "{DAE3537C-DFB1-4EC0-9645-053C80080B32}"
EndProject
Global
	GlobalSection(SolutionConfigurationPlatforms) = preSolution
		Debug|Any CPU = Debug|Any CPU
		Release|Any CPU = Release|Any CPU
	EndGlobalSection
	GlobalSection(ProjectConfigurationPlatforms) = postSolution
		{DAE3537C-DFB1-4EC0-9645-053C80080B32}.Debug|Any CPU.ActiveCfg = Debug|Any CPU
		{DAE3537C-DFB1-4EC0-9645-053C80080B32}.Debug|Any CPU.Build.0 = Debug|Any CPU
		{DAE3537C-DFB1-4EC0-9645-053C80080B32}.Release|Any CPU.ActiveCfg = Release|Any CPU
		{DAE3537C-DFB1-4EC0-9645-053C80080B32}.Release|Any CPU.Build.0 = Release|Any CPU
	EndGlobalSection
	GlobalSection(SolutionProperties) = preSolution
		HideSolutionNode = FALSE
	EndGlobalSection
	GlobalSection(ExtensibilityGlobals) = postSolution
		SolutionGuid = {643D3613-294C-4E3B-A76C-8D7AF85AF8DD}
	EndGlobalSection
EndGlobal
